
Microsoft Visual Studio Solution File, Format Version 12.00
# Visual Studio Version 17
VisualStudioVersion = 17.10.34928.147
MinimumVisualStudioVersion = 10.0.40219.1
Project("{9A19103F-16F7-4668-BE54-9A1E7A4F7556}") = "Radium-Launcher-For-Windows", "Radium-Launcher-For-Windows\Radium-Launcher-For-Windows.csproj", "{A09E26BF-693A-43F1-8AF2-CEA476A919DD}"
EndProject
Project("{FAE04EC0-301F-11D3-BF4B-00C04F79EFBC}") = "Radium-Launcher-For-WindowsTests", "Radium-Launcher-For-WindowsTests\Radium-Launcher-For-WindowsTests.csproj", "{9F0E10E2-E8C1-43E8-8F01-08014DED6539}"
EndProject
Global
	GlobalSection(SolutionConfigurationPlatforms) = preSolution
		Debug|Any CPU = Debug|Any CPU
		Release|Any CPU = Release|Any CPU
	EndGlobalSection
	GlobalSection(ProjectConfigurationPlatforms) = postSolution
		{A09E26BF-693A-43F1-8AF2-CEA476A919DD}.Debug|Any CPU.ActiveCfg = Debug|Any CPU
		{A09E26BF-693A-43F1-8AF2-CEA476A919DD}.Debug|Any CPU.Build.0 = Debug|Any CPU
		{A09E26BF-693A-43F1-8AF2-CEA476A919DD}.Release|Any CPU.ActiveCfg = Release|Any CPU
		{A09E26BF-693A-43F1-8AF2-CEA476A919DD}.Release|Any CPU.Build.0 = Release|Any CPU
		{9F0E10E2-E8C1-43E8-8F01-08014DED6539}.Debug|Any CPU.ActiveCfg = Debug|Any CPU
		{9F0E10E2-E8C1-43E8-8F01-08014DED6539}.Debug|Any CPU.Build.0 = Debug|Any CPU
		{9F0E10E2-E8C1-43E8-8F01-08014DED6539}.Release|Any CPU.ActiveCfg = Release|Any CPU
		{9F0E10E2-E8C1-43E8-8F01-08014DED6539}.Release|Any CPU.Build.0 = Release|Any CPU
	EndGlobalSection
	GlobalSection(SolutionProperties) = preSolution
		HideSolutionNode = FALSE
	EndGlobalSection
	GlobalSection(ExtensibilityGlobals) = postSolution
		SolutionGuid = {6F9D9374-E3CF-4988-856A-8D20DB5A0005}
	EndGlobalSection
EndGlobal
